
Microsoft Visual Studio Solution File, Format Version 12.00
# Visual Studio Version 17
VisualStudioVersion = 17.9.34607.119
MinimumVisualStudioVersion = 10.0.40219.1
Project("{FAE04EC0-301F-11D3-BF4B-00C04F79EFBC}") = "AiConnect", "AiConnect\AiConnect.csproj", "{D7E84D13-DB28-4CB2-B05A-508901862B4D}"
EndProject
Project("{FAE04EC0-301F-11D3-BF4B-00C04F79EFBC}") = "AiConnect.Tests", "AiConnect.Tests\AiConnect.Tests.csproj", "{19B8571E-447B-43BA-8276-5B1338BD8749}"
EndProject
Global
	GlobalSection(SolutionConfigurationPlatforms) = preSolution
		Debug|Any CPU = Debug|Any CPU
		Release|Any CPU = Release|Any CPU
	EndGlobalSection
	GlobalSection(ProjectConfigurationPlatforms) = postSolution
		{D7E84D13-DB28-4CB2-B05A-508901862B4D}.Debug|Any CPU.ActiveCfg = Debug|Any CPU
		{D7E84D13-DB28-4CB2-B05A-508901862B4D}.Debug|Any CPU.Build.0 = Debug|Any CPU
		{D7E84D13-DB28-4CB2-B05A-508901862B4D}.Release|Any CPU.ActiveCfg = Release|Any CPU
		{D7E84D13-DB28-4CB2-B05A-508901862B4D}.Release|Any CPU.Build.0 = Release|Any CPU
		{19B8571E-447B-43BA-8276-5B1338BD8749}.Debug|Any CPU.ActiveCfg = Debug|Any CPU
		{19B8571E-447B-43BA-8276-5B1338BD8749}.Debug|Any CPU.Build.0 = Debug|Any CPU
		{19B8571E-447B-43BA-8276-5B1338BD8749}.Release|Any CPU.ActiveCfg = Release|Any CPU
		{19B8571E-447B-43BA-8276-5B1338BD8749}.Release|Any CPU.Build.0 = Release|Any CPU
	EndGlobalSection
	GlobalSection(SolutionProperties) = preSolution
		HideSolutionNode = FALSE
	EndGlobalSection
	GlobalSection(ExtensibilityGlobals) = postSolution
		SolutionGuid = {644613FF-F8C2-4A9C-9793-F8CD452EBDBF}
	EndGlobalSection
EndGlobal
